
Microsoft Visual Studio Solution File, Format Version 12.00
# Visual Studio 2012
Project("{FAE04EC0-301F-11D3-BF4B-00C04F79EFBC}") = "LineRunner", "LineRunner\LineRunner\LineRunner.csproj", "{F9C07104-2CAE-43E6-9B03-E59BE43BE37A}"
EndProject
Project("{FAE04EC0-301F-11D3-BF4B-00C04F79EFBC}") = "LineRunnerContent", "LineRunner\LineRunnerContent\LineRunnerContent.contentproj", "{FEA0C131-80C7-4D96-B3F7-0A8CE0575C36}"
EndProject
Project("{FAE04EC0-301F-11D3-BF4B-00C04F79EFBC}") = "Flai.WP7.Advertisements", "..\Flai\Flai.WP7.Advertisement\Flai.WP7.Advertisements.csproj", "{B26501C0-60F8-40E6-9311-0AEFD8CA18A5}"
EndProject
Project("{FAE04EC0-301F-11D3-BF4B-00C04F79EFBC}") = "Flai.WP7.Mogade", "..\Flai\Flai.WP7.Mogade\Flai.WP7.Mogade.csproj", "{DDC32E5F-D651-4221-B53E-CCBC4227E7E2}"
EndProject
Project("{FAE04EC0-301F-11D3-BF4B-00C04F79EFBC}") = "Flai.WP7", "..\Flai\Flai\Flai.WP7.csproj", "{0D5202D6-AA21-4682-83A6-5052136DE1F4}"
EndProject
Global
	GlobalSection(SolutionConfigurationPlatforms) = preSolution
		Debug|Windows Phone = Debug|Windows Phone
		Release|Windows Phone = Release|Windows Phone
	EndGlobalSection
	GlobalSection(ProjectConfigurationPlatforms) = postSolution
		{F9C07104-2CAE-43E6-9B03-E59BE43BE37A}.Debug|Windows Phone.ActiveCfg = Debug|Windows Phone
		{F9C07104-2CAE-43E6-9B03-E59BE43BE37A}.Debug|Windows Phone.Build.0 = Debug|Windows Phone
		{F9C07104-2CAE-43E6-9B03-E59BE43BE37A}.Debug|Windows Phone.Deploy.0 = Debug|Windows Phone
		{F9C07104-2CAE-43E6-9B03-E59BE43BE37A}.Release|Windows Phone.ActiveCfg = Release|Windows Phone
		{F9C07104-2CAE-43E6-9B03-E59BE43BE37A}.Release|Windows Phone.Build.0 = Release|Windows Phone
		{F9C07104-2CAE-43E6-9B03-E59BE43BE37A}.Release|Windows Phone.Deploy.0 = Release|Windows Phone
		{FEA0C131-80C7-4D96-B3F7-0A8CE0575C36}.Debug|Windows Phone.ActiveCfg = Debug|Windows Phone
		{FEA0C131-80C7-4D96-B3F7-0A8CE0575C36}.Release|Windows Phone.ActiveCfg = Release|Windows Phone
		{B26501C0-60F8-40E6-9311-0AEFD8CA18A5}.Debug|Windows Phone.ActiveCfg = Debug|Windows Phone
		{B26501C0-60F8-40E6-9311-0AEFD8CA18A5}.Debug|Windows Phone.Build.0 = Debug|Windows Phone
		{B26501C0-60F8-40E6-9311-0AEFD8CA18A5}.Release|Windows Phone.ActiveCfg = Release|Windows Phone
		{B26501C0-60F8-40E6-9311-0AEFD8CA18A5}.Release|Windows Phone.Build.0 = Release|Windows Phone
		{DDC32E5F-D651-4221-B53E-CCBC4227E7E2}.Debug|Windows Phone.ActiveCfg = Debug|Windows Phone
		{DDC32E5F-D651-4221-B53E-CCBC4227E7E2}.Debug|Windows Phone.Build.0 = Debug|Windows Phone
		{DDC32E5F-D651-4221-B53E-CCBC4227E7E2}.Release|Windows Phone.ActiveCfg = Release|Windows Phone
		{DDC32E5F-D651-4221-B53E-CCBC4227E7E2}.Release|Windows Phone.Build.0 = Release|Windows Phone
		{0D5202D6-AA21-4682-83A6-5052136DE1F4}.Debug|Windows Phone.ActiveCfg = Debug|Windows Phone
		{0D5202D6-AA21-4682-83A6-5052136DE1F4}.Debug|Windows Phone.Build.0 = Debug|Windows Phone
		{0D5202D6-AA21-4682-83A6-5052136DE1F4}.Release|Windows Phone.ActiveCfg = Release|Windows Phone
		{0D5202D6-AA21-4682-83A6-5052136DE1F4}.Release|Windows Phone.Build.0 = Release|Windows Phone
	EndGlobalSection
	GlobalSection(SolutionProperties) = preSolution
		HideSolutionNode = FALSE
	EndGlobalSection
EndGlobal
